
Microsoft Visual Studio Solution File, Format Version 12.00
# Visual Studio Version 17
VisualStudioVersion = 17.14.35806.103 d17.14
MinimumVisualStudioVersion = 10.0.40219.1
Project("{FAE04EC0-301F-11D3-BF4B-00C04F79EFBC}") = "ProductCatalogAIS", "ProductCatalogAIS\ProductCatalogAIS.csproj", "{77ED7E72-E8A2-4A3F-B6AB-8C8032522EA0}"
EndProject
Global
	GlobalSection(SolutionConfigurationPlatforms) = preSolution
		Debug|Any CPU = Debug|Any CPU
		Release|Any CPU = Release|Any CPU
	EndGlobalSection
	GlobalSection(ProjectConfigurationPlatforms) = postSolution
		{77ED7E72-E8A2-4A3F-B6AB-8C8032522EA0}.Debug|Any CPU.ActiveCfg = Debug|Any CPU
		{77ED7E72-E8A2-4A3F-B6AB-8C8032522EA0}.Debug|Any CPU.Build.0 = Debug|Any CPU
		{77ED7E72-E8A2-4A3F-B6AB-8C8032522EA0}.Release|Any CPU.ActiveCfg = Release|Any CPU
		{77ED7E72-E8A2-4A3F-B6AB-8C8032522EA0}.Release|Any CPU.Build.0 = Release|Any CPU
	EndGlobalSection
	GlobalSection(SolutionProperties) = preSolution
		HideSolutionNode = FALSE
	EndGlobalSection
	GlobalSection(ExtensibilityGlobals) = postSolution
		SolutionGuid = {95C51852-1781-44EC-9619-2C57E153AE2B}
	EndGlobalSection
EndGlobal
